
Microsoft Visual Studio Solution File, Format Version 10.00
# Visual Studio 2008
Project("{8BC9CEB8-8B4A-11D0-8D11-00A0C91BC942}") = "libbox2d", "libbox2d.vcproj", "{3001D7CA-3132-4A46-B1B9-365C1BD5FDC0}"
EndProject
Global
	GlobalSection(SolutionConfigurationPlatforms) = preSolution
		Debug|Win32 = Debug|Win32
		Release|Win32 = Release|Win32
	EndGlobalSection
	GlobalSection(ProjectConfigurationPlatforms) = postSolution
		{3001D7CA-3132-4A46-B1B9-365C1BD5FDC0}.Debug|Win32.ActiveCfg = Debug|Win32
		{3001D7CA-3132-4A46-B1B9-365C1BD5FDC0}.Debug|Win32.Build.0 = Debug|Win32
		{3001D7CA-3132-4A46-B1B9-365C1BD5FDC0}.Release|Win32.ActiveCfg = Release|Win32
		{3001D7CA-3132-4A46-B1B9-365C1BD5FDC0}.Release|Win32.Build.0 = Release|Win32
	EndGlobalSection
	GlobalSection(SolutionProperties) = preSolution
		HideSolutionNode = FALSE
	EndGlobalSection
EndGlobal
