
Microsoft Visual Studio Solution File, Format Version 10.00
# Visual Studio 2008
Project("{8BC9CEB8-8B4A-11D0-8D11-00A0C91BC942}") = "libxAccess", "libxAccess.vcproj", "{8B67073F-B2E5-4F18-8C0A-3069EFC288F4}"
EndProject
Global
	GlobalSection(SolutionConfigurationPlatforms) = preSolution
		Debug|Win32 = Debug|Win32
		Release|Win32 = Release|Win32
	EndGlobalSection
	GlobalSection(ProjectConfigurationPlatforms) = postSolution
		{8B67073F-B2E5-4F18-8C0A-3069EFC288F4}.Debug|Win32.ActiveCfg = Debug|Win32
		{8B67073F-B2E5-4F18-8C0A-3069EFC288F4}.Debug|Win32.Build.0 = Debug|Win32
		{8B67073F-B2E5-4F18-8C0A-3069EFC288F4}.Release|Win32.ActiveCfg = Release|Win32
		{8B67073F-B2E5-4F18-8C0A-3069EFC288F4}.Release|Win32.Build.0 = Release|Win32
	EndGlobalSection
	GlobalSection(SolutionProperties) = preSolution
		HideSolutionNode = FALSE
	EndGlobalSection
EndGlobal
